
Microsoft Visual Studio Solution File, Format Version 12.00
# Visual Studio 14
VisualStudioVersion = 14.0.25420.1
MinimumVisualStudioVersion = 10.0.40219.1
Project("{FAE04EC0-301F-11D3-BF4B-00C04F79EFBC}") = "Console3", "Console3\Console3.csproj", "{AE039892-89BA-4E69-BDB7-0E86D0495C1D}"
EndProject
Project("{FAE04EC0-301F-11D3-BF4B-00C04F79EFBC}") = "Common", "Common\Common.csproj", "{9E5C6C07-0522-441F-A69E-F6387D5662BF}"
EndProject
Project("{FAE04EC0-301F-11D3-BF4B-00C04F79EFBC}") = "Web", "Web\Web.csproj", "{5D6BDEA3-3F0C-4811-AE9F-3C3ADB2AF50B}"
EndProject
Project("{FAE04EC0-301F-11D3-BF4B-00C04F79EFBC}") = "MVC", "MVC\MVC.csproj", "{6A9E5EBC-C3FE-49F7-88E5-5CF00C4A1878}"
EndProject
Project("{FAE04EC0-301F-11D3-BF4B-00C04F79EFBC}") = "Console6", "Console6\Console6.csproj", "{D5FD11CA-E47B-4C9C-A357-DFEAD5E3F9AE}"
EndProject
Project("{FAE04EC0-301F-11D3-BF4B-00C04F79EFBC}") = "TestForm", "TestForm\TestForm.csproj", "{11ED98BE-AACA-4EBE-A02D-34A04DA77278}"
EndProject
Project("{FAE04EC0-301F-11D3-BF4B-00C04F79EFBC}") = "Common4", "Common4\Common4.csproj", "{A65E5BEE-8DD6-4238-BAAF-30FC2EADAD1D}"
EndProject
Global
	GlobalSection(SolutionConfigurationPlatforms) = preSolution
		Debug|Any CPU = Debug|Any CPU
		Release|Any CPU = Release|Any CPU
	EndGlobalSection
	GlobalSection(ProjectConfigurationPlatforms) = postSolution
		{AE039892-89BA-4E69-BDB7-0E86D0495C1D}.Debug|Any CPU.ActiveCfg = Debug|Any CPU
		{AE039892-89BA-4E69-BDB7-0E86D0495C1D}.Debug|Any CPU.Build.0 = Debug|Any CPU
		{AE039892-89BA-4E69-BDB7-0E86D0495C1D}.Release|Any CPU.ActiveCfg = Release|Any CPU
		{AE039892-89BA-4E69-BDB7-0E86D0495C1D}.Release|Any CPU.Build.0 = Release|Any CPU
		{9E5C6C07-0522-441F-A69E-F6387D5662BF}.Debug|Any CPU.ActiveCfg = Debug|Any CPU
		{9E5C6C07-0522-441F-A69E-F6387D5662BF}.Debug|Any CPU.Build.0 = Debug|Any CPU
		{9E5C6C07-0522-441F-A69E-F6387D5662BF}.Release|Any CPU.ActiveCfg = Release|Any CPU
		{9E5C6C07-0522-441F-A69E-F6387D5662BF}.Release|Any CPU.Build.0 = Release|Any CPU
		{5D6BDEA3-3F0C-4811-AE9F-3C3ADB2AF50B}.Debug|Any CPU.ActiveCfg = Debug|Any CPU
		{5D6BDEA3-3F0C-4811-AE9F-3C3ADB2AF50B}.Debug|Any CPU.Build.0 = Debug|Any CPU
		{5D6BDEA3-3F0C-4811-AE9F-3C3ADB2AF50B}.Release|Any CPU.ActiveCfg = Release|Any CPU
		{5D6BDEA3-3F0C-4811-AE9F-3C3ADB2AF50B}.Release|Any CPU.Build.0 = Release|Any CPU
		{6A9E5EBC-C3FE-49F7-88E5-5CF00C4A1878}.Debug|Any CPU.ActiveCfg = Debug|Any CPU
		{6A9E5EBC-C3FE-49F7-88E5-5CF00C4A1878}.Debug|Any CPU.Build.0 = Debug|Any CPU
		{6A9E5EBC-C3FE-49F7-88E5-5CF00C4A1878}.Release|Any CPU.ActiveCfg = Release|Any CPU
		{6A9E5EBC-C3FE-49F7-88E5-5CF00C4A1878}.Release|Any CPU.Build.0 = Release|Any CPU
		{D5FD11CA-E47B-4C9C-A357-DFEAD5E3F9AE}.Debug|Any CPU.ActiveCfg = Debug|Any CPU
		{D5FD11CA-E47B-4C9C-A357-DFEAD5E3F9AE}.Debug|Any CPU.Build.0 = Debug|Any CPU
		{D5FD11CA-E47B-4C9C-A357-DFEAD5E3F9AE}.Release|Any CPU.ActiveCfg = Release|Any CPU
		{D5FD11CA-E47B-4C9C-A357-DFEAD5E3F9AE}.Release|Any CPU.Build.0 = Release|Any CPU
		{11ED98BE-AACA-4EBE-A02D-34A04DA77278}.Debug|Any CPU.ActiveCfg = Debug|Any CPU
		{11ED98BE-AACA-4EBE-A02D-34A04DA77278}.Debug|Any CPU.Build.0 = Debug|Any CPU
		{11ED98BE-AACA-4EBE-A02D-34A04DA77278}.Release|Any CPU.ActiveCfg = Release|Any CPU
		{11ED98BE-AACA-4EBE-A02D-34A04DA77278}.Release|Any CPU.Build.0 = Release|Any CPU
		{A65E5BEE-8DD6-4238-BAAF-30FC2EADAD1D}.Debug|Any CPU.ActiveCfg = Debug|Any CPU
		{A65E5BEE-8DD6-4238-BAAF-30FC2EADAD1D}.Debug|Any CPU.Build.0 = Debug|Any CPU
		{A65E5BEE-8DD6-4238-BAAF-30FC2EADAD1D}.Release|Any CPU.ActiveCfg = Release|Any CPU
		{A65E5BEE-8DD6-4238-BAAF-30FC2EADAD1D}.Release|Any CPU.Build.0 = Release|Any CPU
	EndGlobalSection
	GlobalSection(SolutionProperties) = preSolution
		HideSolutionNode = FALSE
	EndGlobalSection
EndGlobal
