
Microsoft Visual Studio Solution File, Format Version 12.00
# Visual Studio 14
VisualStudioVersion = 14.0.25420.1
MinimumVisualStudioVersion = 10.0.40219.1
Project("{FAE04EC0-301F-11D3-BF4B-00C04F79EFBC}") = "ConsoleApp1", "ConsoleApp1\ConsoleApp1.csproj", "{AE039892-89BA-4E69-BDB7-0E86D0495C1D}"
EndProject
Project("{FAE04EC0-301F-11D3-BF4B-00C04F79EFBC}") = "Net Framework 3.5", "Net Framework 3.5\Net Framework 3.5.csproj", "{12AF8543-38B2-4E2B-AAB3-F4FB69337D85}"
EndProject
Project("{FAE04EC0-301F-11D3-BF4B-00C04F79EFBC}") = "WindowsFormsApp1", "WindowsFormsApp1\WindowsFormsApp1.csproj", "{78A21E50-2D97-4296-9B9B-2D4371DE1F7A}"
EndProject
Project("{FAE04EC0-301F-11D3-BF4B-00C04F79EFBC}") = "Common", "Common\Common.csproj", "{9E5C6C07-0522-441F-A69E-F6387D5662BF}"
EndProject
Project("{FAE04EC0-301F-11D3-BF4B-00C04F79EFBC}") = "Console2", "Console2\Console2.csproj", "{8EE77472-967F-41CC-A787-7F44E8AF8FA7}"
EndProject
Project("{FAE04EC0-301F-11D3-BF4B-00C04F79EFBC}") = "IFMTest", "IFMTest\IFMTest.csproj", "{027D9C84-D2B6-4762-BB63-CBAF36A97577}"
EndProject
Global
	GlobalSection(SolutionConfigurationPlatforms) = preSolution
		Debug|Any CPU = Debug|Any CPU
		Release|Any CPU = Release|Any CPU
	EndGlobalSection
	GlobalSection(ProjectConfigurationPlatforms) = postSolution
		{AE039892-89BA-4E69-BDB7-0E86D0495C1D}.Debug|Any CPU.ActiveCfg = Debug|Any CPU
		{AE039892-89BA-4E69-BDB7-0E86D0495C1D}.Debug|Any CPU.Build.0 = Debug|Any CPU
		{AE039892-89BA-4E69-BDB7-0E86D0495C1D}.Release|Any CPU.ActiveCfg = Release|Any CPU
		{AE039892-89BA-4E69-BDB7-0E86D0495C1D}.Release|Any CPU.Build.0 = Release|Any CPU
		{12AF8543-38B2-4E2B-AAB3-F4FB69337D85}.Debug|Any CPU.ActiveCfg = Debug|Any CPU
		{12AF8543-38B2-4E2B-AAB3-F4FB69337D85}.Debug|Any CPU.Build.0 = Debug|Any CPU
		{12AF8543-38B2-4E2B-AAB3-F4FB69337D85}.Release|Any CPU.ActiveCfg = Release|Any CPU
		{12AF8543-38B2-4E2B-AAB3-F4FB69337D85}.Release|Any CPU.Build.0 = Release|Any CPU
		{78A21E50-2D97-4296-9B9B-2D4371DE1F7A}.Debug|Any CPU.ActiveCfg = Debug|Any CPU
		{78A21E50-2D97-4296-9B9B-2D4371DE1F7A}.Debug|Any CPU.Build.0 = Debug|Any CPU
		{78A21E50-2D97-4296-9B9B-2D4371DE1F7A}.Release|Any CPU.ActiveCfg = Release|Any CPU
		{78A21E50-2D97-4296-9B9B-2D4371DE1F7A}.Release|Any CPU.Build.0 = Release|Any CPU
		{9E5C6C07-0522-441F-A69E-F6387D5662BF}.Debug|Any CPU.ActiveCfg = Debug|Any CPU
		{9E5C6C07-0522-441F-A69E-F6387D5662BF}.Debug|Any CPU.Build.0 = Debug|Any CPU
		{9E5C6C07-0522-441F-A69E-F6387D5662BF}.Release|Any CPU.ActiveCfg = Release|Any CPU
		{9E5C6C07-0522-441F-A69E-F6387D5662BF}.Release|Any CPU.Build.0 = Release|Any CPU
		{8EE77472-967F-41CC-A787-7F44E8AF8FA7}.Debug|Any CPU.ActiveCfg = Debug|Any CPU
		{8EE77472-967F-41CC-A787-7F44E8AF8FA7}.Debug|Any CPU.Build.0 = Debug|Any CPU
		{8EE77472-967F-41CC-A787-7F44E8AF8FA7}.Release|Any CPU.ActiveCfg = Release|Any CPU
		{8EE77472-967F-41CC-A787-7F44E8AF8FA7}.Release|Any CPU.Build.0 = Release|Any CPU
		{027D9C84-D2B6-4762-BB63-CBAF36A97577}.Debug|Any CPU.ActiveCfg = Debug|Any CPU
		{027D9C84-D2B6-4762-BB63-CBAF36A97577}.Debug|Any CPU.Build.0 = Debug|Any CPU
		{027D9C84-D2B6-4762-BB63-CBAF36A97577}.Release|Any CPU.ActiveCfg = Release|Any CPU
		{027D9C84-D2B6-4762-BB63-CBAF36A97577}.Release|Any CPU.Build.0 = Release|Any CPU
	EndGlobalSection
	GlobalSection(SolutionProperties) = preSolution
		HideSolutionNode = FALSE
	EndGlobalSection
EndGlobal
